
Microsoft Visual Studio Solution File, Format Version 12.00
# Visual Studio 15
VisualStudioVersion = 15.0.28307.1300
MinimumVisualStudioVersion = 10.0.40219.1
Project("{00D1A9C2-B5F0-4AF3-8072-F6C62B433612}") = "AzureCRUD", "AzureCRUD\AzureCRUD.sqlproj", "{B49BF057-E017-43C9-A615-FD2384004236}"
EndProject
Global
	GlobalSection(SolutionConfigurationPlatforms) = preSolution
		Debug|Any CPU = Debug|Any CPU
		Release|Any CPU = Release|Any CPU
	EndGlobalSection
	GlobalSection(ProjectConfigurationPlatforms) = postSolution
		{B49BF057-E017-43C9-A615-FD2384004236}.Debug|Any CPU.ActiveCfg = Debug|Any CPU
		{B49BF057-E017-43C9-A615-FD2384004236}.Debug|Any CPU.Build.0 = Debug|Any CPU
		{B49BF057-E017-43C9-A615-FD2384004236}.Debug|Any CPU.Deploy.0 = Debug|Any CPU
		{B49BF057-E017-43C9-A615-FD2384004236}.Release|Any CPU.ActiveCfg = Release|Any CPU
		{B49BF057-E017-43C9-A615-FD2384004236}.Release|Any CPU.Build.0 = Release|Any CPU
		{B49BF057-E017-43C9-A615-FD2384004236}.Release|Any CPU.Deploy.0 = Release|Any CPU
	EndGlobalSection
	GlobalSection(SolutionProperties) = preSolution
		HideSolutionNode = FALSE
	EndGlobalSection
	GlobalSection(ExtensibilityGlobals) = postSolution
		SolutionGuid = {4801CD02-0F3D-437A-AF4F-500819F86032}
	EndGlobalSection
EndGlobal
